
Microsoft Visual Studio Solution File, Format Version 12.00
# Visual Studio Version 17
VisualStudioVersion = 17.10.35027.167
MinimumVisualStudioVersion = 10.0.40219.1
Project("{FAE04EC0-301F-11D3-BF4B-00C04F79EFBC}") = "WebApplication1", "WebApplication1.csproj", "{720B51C2-9E2A-4B18-BD2F-10BEFEEC2D78}"
EndProject
Global
	GlobalSection(SolutionConfigurationPlatforms) = preSolution
		Debug|Any CPU = Debug|Any CPU
		Release|Any CPU = Release|Any CPU
	EndGlobalSection
	GlobalSection(ProjectConfigurationPlatforms) = postSolution
		{720B51C2-9E2A-4B18-BD2F-10BEFEEC2D78}.Debug|Any CPU.ActiveCfg = Debug|Any CPU
		{720B51C2-9E2A-4B18-BD2F-10BEFEEC2D78}.Debug|Any CPU.Build.0 = Debug|Any CPU
		{720B51C2-9E2A-4B18-BD2F-10BEFEEC2D78}.Release|Any CPU.ActiveCfg = Release|Any CPU
		{720B51C2-9E2A-4B18-BD2F-10BEFEEC2D78}.Release|Any CPU.Build.0 = Release|Any CPU
	EndGlobalSection
	GlobalSection(SolutionProperties) = preSolution
		HideSolutionNode = FALSE
	EndGlobalSection
	GlobalSection(ExtensibilityGlobals) = postSolution
		SolutionGuid = {84C8DF5D-1EAB-4CEF-88BB-1A7004620924}
	EndGlobalSection
EndGlobal
